<?xml version="1.0" encoding="utf-8"?>
<Project ToolsVersion="4.0" xmlns="http://schemas.microsoft.com/developer/msbuild/2003">
  <ItemGroup>
    <Filter Include="Source Files">
      <UniqueIdentifier>{4FC737F1-C7A5-4376-A066-2A32D752A2FF}</UniqueIdentifier>
      <Extensions>cpp;c;cc;cxx;def;odl;idl;hpj;bat;asm;asmx</Extensions>
    </Filter>
    <Filter Include="Header Files">
      <UniqueIdentifier>{93995380-89BD-4b04-88EB-625FBE52EBFB}</UniqueIdentifier>
      <Extensions>h;hh;hpp;hxx;hm;inl;inc;xsd</Extensions>
    </Filter>
    <Filter Include="Resource Files">
      <UniqueIdentifier>{67DA6AB6-F800-4c08-8B7A-83BB121AAD01}</UniqueIdentifier>
      <Extensions>rc;ico;cur;bmp;dlg;rc2;rct;bin;rgs;gif;jpg;jpeg;jpe;resx;tiff;tif;png;wav;mfcribbon-ms</Extensions>
    </Filter>
    <Filter Include="Source Files\Main">
      <UniqueIdentifier>{42178a9a-7307-4774-9615-c07586e73359}</UniqueIdentifier>
    </Filter>
    <Filter Include="Source Files\Manager">
      <UniqueIdentifier>{f38b1ae0-f181-4be8-b90b-7945190a1fa9}</UniqueIdentifier>
    </Filter>
    <Filter Include="Header Files\Main">
      <UniqueIdentifier>{032f0255-71f7-44b4-964d-a33f86bc8060}</UniqueIdentifier>
    </Filter>
    <Filter Include="Source Files\Manager\Object">
      <UniqueIdentifier>{f2408eec-95bb-4dcb-9969-f6619861c742}</UniqueIdentifier>
    </Filter>
    <Filter Include="Source Files\Manager\SceneCpp">
      <UniqueIdentifier>{700619b2-58f5-44ee-91e3-ccedf9256050}</UniqueIdentifier>
    </Filter>
    <Filter Include="Header Files\Manager">
      <UniqueIdentifier>{d7b68c76-1e42-410d-b0a0-603fc35009bc}</UniqueIdentifier>
    </Filter>
    <Filter Include="Header Files\Manager\Scene">
      <UniqueIdentifier>{1d1e6858-07ad-43af-8cee-80d59400a92a}</UniqueIdentifier>
    </Filter>
    <Filter Include="Header Files\Manager\Object">
      <UniqueIdentifier>{da7511c1-abfc-413c-b659-255e356902a5}</UniqueIdentifier>
    </Filter>
    <Filter Include="Header Files\UI">
      <UniqueIdentifier>{1f1c39c0-17e1-48d9-9747-0380542bfa8b}</UniqueIdentifier>
    </Filter>
    <Filter Include="Source Files\UI">
      <UniqueIdentifier>{a85d0ce6-4ae0-4a7d-890c-d836620e1706}</UniqueIdentifier>
    </Filter>
  </ItemGroup>
  <ItemGroup>
    <Text Include="ReadMe.txt" />
  </ItemGroup>
  <ItemGroup>
    <ClInclude Include="MenuScene.h">
      <Filter>Header Files\Manager\Scene</Filter>
    </ClInclude>
    <ClInclude Include="Scene.h">
      <Filter>Header Files\Manager\Scene</Filter>
    </ClInclude>
    <ClInclude Include="GameScene.h">
      <Filter>Header Files\Manager\Scene</Filter>
    </ClInclude>
    <ClInclude Include="EndScene.h">
      <Filter>Header Files\Manager\Scene</Filter>
    </ClInclude>
    <ClInclude Include="galspans.h">
      <Filter>Header Files\Main</Filter>
    </ClInclude>
    <ClInclude Include="GameManager.h">
      <Filter>Header Files\Manager</Filter>
    </ClInclude>
    <ClInclude Include="Resource.h">
      <Filter>Header Files\Main</Filter>
    </ClInclude>
    <ClInclude Include="stdafx.h">
      <Filter>Header Files\Main</Filter>
    </ClInclude>
    <ClInclude Include="targetver.h">
      <Filter>Header Files\Main</Filter>
    </ClInclude>
    <ClInclude Include="BitMap.h">
      <Filter>Header Files</Filter>
    </ClInclude>
    <ClInclude Include="UI.h">
      <Filter>Header Files\UI</Filter>
    </ClInclude>
    <ClInclude Include="MenuUI.h">
      <Filter>Header Files\UI</Filter>
    </ClInclude>
    <ClInclude Include="EndUI.h">
      <Filter>Header Files\UI</Filter>
    </ClInclude>
    <ClInclude Include="GameUI.h">
      <Filter>Header Files\UI</Filter>
    </ClInclude>
    <ClInclude Include="FontManager.h">
      <Filter>Header Files</Filter>
    </ClInclude>
    <ClInclude Include="PlayerManager.h">
      <Filter>Header Files</Filter>
    </ClInclude>
    <ClInclude Include="Monster.h">
      <Filter>Header Files</Filter>
    </ClInclude>
  </ItemGroup>
  <ItemGroup>
    <ClCompile Include="EndScene.cpp">
      <Filter>Source Files\Manager\SceneCpp</Filter>
    </ClCompile>
    <ClCompile Include="GameScene.cpp">
      <Filter>Source Files\Manager\SceneCpp</Filter>
    </ClCompile>
    <ClCompile Include="MenuScene.cpp">
      <Filter>Source Files\Manager\SceneCpp</Filter>
    </ClCompile>
    <ClCompile Include="Scene.cpp">
      <Filter>Source Files\Manager\SceneCpp</Filter>
    </ClCompile>
    <ClCompile Include="galspans.cpp">
      <Filter>Source Files\Main</Filter>
    </ClCompile>
    <ClCompile Include="stdafx.cpp">
      <Filter>Source Files\Main</Filter>
    </ClCompile>
    <ClCompile Include="GameManager.cpp">
      <Filter>Source Files\Manager</Filter>
    </ClCompile>
    <ClCompile Include="BitMap.cpp">
      <Filter>Source Files</Filter>
    </ClCompile>
    <ClCompile Include="UI.cpp">
      <Filter>Source Files\UI</Filter>
    </ClCompile>
    <ClCompile Include="EndUI.cpp">
      <Filter>Source Files\UI</Filter>
    </ClCompile>
    <ClCompile Include="GameUI.cpp">
      <Filter>Source Files\UI</Filter>
    </ClCompile>
    <ClCompile Include="MenuUI.cpp">
      <Filter>Source Files\UI</Filter>
    </ClCompile>
    <ClCompile Include="FontManager.cpp">
      <Filter>Source Files</Filter>
    </ClCompile>
    <ClCompile Include="PlayerManager.cpp">
      <Filter>Source Files</Filter>
    </ClCompile>
    <ClCompile Include="Monster.cpp">
      <Filter>Source Files\Manager\Object</Filter>
    </ClCompile>
  </ItemGroup>
  <ItemGroup>
    <ResourceCompile Include="galspans.rc">
      <Filter>Resource Files</Filter>
    </ResourceCompile>
  </ItemGroup>
  <ItemGroup>
    <Image Include="small.ico">
      <Filter>Resource Files</Filter>
    </Image>
    <Image Include="galspans.ico">
      <Filter>Resource Files</Filter>
    </Image>
  </ItemGroup>
</Project>