<?xml version="1.0" encoding="utf-8"?>
<Project ToolsVersion="4.0" xmlns="http://schemas.microsoft.com/developer/msbuild/2003">
  <ItemGroup>
    <Filter Include="Source Files">
      <UniqueIdentifier>{4FC737F1-C7A5-4376-A066-2A32D752A2FF}</UniqueIdentifier>
      <Extensions>cpp;c;cc;cxx;def;odl;idl;hpj;bat;asm;asmx</Extensions>
    </Filter>
    <Filter Include="Header Files">
      <UniqueIdentifier>{93995380-89BD-4b04-88EB-625FBE52EBFB}</UniqueIdentifier>
      <Extensions>h;hh;hpp;hxx;hm;inl;inc;xsd</Extensions>
    </Filter>
    <Filter Include="Resource Files">
      <UniqueIdentifier>{67DA6AB6-F800-4c08-8B7A-83BB121AAD01}</UniqueIdentifier>
      <Extensions>rc;ico;cur;bmp;dlg;rc2;rct;bin;rgs;gif;jpg;jpeg;jpe;resx;tiff;tif;png;wav;mfcribbon-ms</Extensions>
    </Filter>
    <Filter Include="CubeMan">
      <UniqueIdentifier>{94a13613-5f57-450f-8c7f-06662e889457}</UniqueIdentifier>
    </Filter>
    <Filter Include="Header Files\character">
      <UniqueIdentifier>{74507184-0955-49a1-ac28-617c60c14e10}</UniqueIdentifier>
    </Filter>
    <Filter Include="ObjLoader">
      <UniqueIdentifier>{1fefcdf8-7a80-4423-8ceb-6b2b2badb64d}</UniqueIdentifier>
    </Filter>
    <Filter Include="Map">
      <UniqueIdentifier>{9866b833-253e-42bf-9c15-e7c99cce098c}</UniqueIdentifier>
    </Filter>
    <Filter Include="character">
      <UniqueIdentifier>{4dde3896-161b-4c32-a8f7-1c050f229f75}</UniqueIdentifier>
    </Filter>
    <Filter Include="ASELoader">
      <UniqueIdentifier>{20bfa358-1097-404c-bc32-9a6f09da7c61}</UniqueIdentifier>
    </Filter>
    <Filter Include="Ray">
      <UniqueIdentifier>{7d8fbcc1-7ed9-40ac-9f54-81d219504550}</UniqueIdentifier>
    </Filter>
    <Filter Include="RawLoader">
      <UniqueIdentifier>{5034c37d-2e14-4838-ae60-54f572809294}</UniqueIdentifier>
    </Filter>
    <Filter Include="XLoader">
      <UniqueIdentifier>{3aba8726-8631-4631-9c5f-8fefc7bb8488}</UniqueIdentifier>
    </Filter>
    <Filter Include="SkinedMesh">
      <UniqueIdentifier>{db4c2f27-bfb3-4c41-98d9-b2a9d2dc5121}</UniqueIdentifier>
    </Filter>
    <Filter Include="FrustumCulling">
      <UniqueIdentifier>{287e9f28-a1d4-435f-8a7e-57d23db515c0}</UniqueIdentifier>
    </Filter>
    <Filter Include="OBB">
      <UniqueIdentifier>{3b5b39e8-18cf-4405-9d60-ae889eff24d3}</UniqueIdentifier>
    </Filter>
    <Filter Include="UI">
      <UniqueIdentifier>{5b2862d9-52ed-4eb4-ab36-1a811fee3683}</UniqueIdentifier>
    </Filter>
  </ItemGroup>
  <ItemGroup>
    <Text Include="ReadMe.txt" />
  </ItemGroup>
  <ItemGroup>
    <ClInclude Include="stdafx.h">
      <Filter>Header Files</Filter>
    </ClInclude>
    <ClInclude Include="targetver.h">
      <Filter>Header Files</Filter>
    </ClInclude>
    <ClInclude Include="Resource.h">
      <Filter>Header Files</Filter>
    </ClInclude>
    <ClInclude Include="DX3d.h">
      <Filter>Header Files</Filter>
    </ClInclude>
    <ClInclude Include="cDeviceManager.h">
      <Filter>Header Files</Filter>
    </ClInclude>
    <ClInclude Include="cCubePC.h">
      <Filter>Header Files</Filter>
    </ClInclude>
    <ClInclude Include="cCamera.h">
      <Filter>Header Files</Filter>
    </ClInclude>
    <ClInclude Include="cGrid.h">
      <Filter>Header Files</Filter>
    </ClInclude>
    <ClInclude Include="cPyramid.h">
      <Filter>Header Files</Filter>
    </ClInclude>
    <ClInclude Include="cPlayer.h">
      <Filter>Header Files</Filter>
    </ClInclude>
    <ClInclude Include="cCubePNT.h">
      <Filter>Header Files</Filter>
    </ClInclude>
    <ClInclude Include="cBody.h">
      <Filter>CubeMan</Filter>
    </ClInclude>
    <ClInclude Include="cHead.h">
      <Filter>CubeMan</Filter>
    </ClInclude>
    <ClInclude Include="cLeftArm.h">
      <Filter>CubeMan</Filter>
    </ClInclude>
    <ClInclude Include="cLeftLeg.h">
      <Filter>CubeMan</Filter>
    </ClInclude>
    <ClInclude Include="cRightArm.h">
      <Filter>CubeMan</Filter>
    </ClInclude>
    <ClInclude Include="cRightLeg.h">
      <Filter>CubeMan</Filter>
    </ClInclude>
    <ClInclude Include="cLight.h">
      <Filter>Header Files</Filter>
    </ClInclude>
    <ClInclude Include="cHexagon.h">
      <Filter>Header Files</Filter>
    </ClInclude>
    <ClInclude Include="cObjParser.h">
      <Filter>Header Files</Filter>
    </ClInclude>
    <ClInclude Include="cCharacter.h">
      <Filter>Header Files\character</Filter>
    </ClInclude>
    <ClInclude Include="cCubeMan.h">
      <Filter>Header Files\character</Filter>
    </ClInclude>
    <ClInclude Include="cCubeNode.h">
      <Filter>Header Files\character</Filter>
    </ClInclude>
    <ClInclude Include="cBox.h">
      <Filter>Header Files</Filter>
    </ClInclude>
    <ClInclude Include="cGroup.h">
      <Filter>ObjLoader</Filter>
    </ClInclude>
    <ClInclude Include="cMtlTex.h">
      <Filter>ObjLoader</Filter>
    </ClInclude>
    <ClInclude Include="cObject.h">
      <Filter>ObjLoader</Filter>
    </ClInclude>
    <ClInclude Include="cObjectManager.h">
      <Filter>ObjLoader</Filter>
    </ClInclude>
    <ClInclude Include="cObjLoader.h">
      <Filter>ObjLoader</Filter>
    </ClInclude>
    <ClInclude Include="cTextureManager.h">
      <Filter>ObjLoader</Filter>
    </ClInclude>
    <ClInclude Include="cMap.h">
      <Filter>Header Files</Filter>
    </ClInclude>
    <ClInclude Include="iMap.h">
      <Filter>Map</Filter>
    </ClInclude>
    <ClInclude Include="cObjMap.h">
      <Filter>Map</Filter>
    </ClInclude>
    <ClInclude Include="Asciitok.h">
      <Filter>ASELoader</Filter>
    </ClInclude>
    <ClInclude Include="cFrame.h">
      <Filter>ASELoader</Filter>
    </ClInclude>
    <ClInclude Include="cAseLoader.h">
      <Filter>ASELoader</Filter>
    </ClInclude>
    <ClInclude Include="cRay.h">
      <Filter>Ray</Filter>
    </ClInclude>
    <ClInclude Include="cRawLoader.h">
      <Filter>RawLoader</Filter>
    </ClInclude>
    <ClInclude Include="cXLoader.h">
      <Filter>XLoader</Filter>
    </ClInclude>
    <ClInclude Include="cAllocateHierarchy.h">
      <Filter>SkinedMesh</Filter>
    </ClInclude>
    <ClInclude Include="cTimeManager.h">
      <Filter>SkinedMesh</Filter>
    </ClInclude>
    <ClInclude Include="cSkinnedMesh.h">
      <Filter>SkinedMesh</Filter>
    </ClInclude>
    <ClInclude Include="cFrustumCulling.h">
      <Filter>FrustumCulling</Filter>
    </ClInclude>
    <ClInclude Include="cFrustum.h">
      <Filter>FrustumCulling</Filter>
    </ClInclude>
    <ClInclude Include="cSkinnedMeshManager.h">
      <Filter>OBB</Filter>
    </ClInclude>
    <ClInclude Include="cZealot.h">
      <Filter>OBB</Filter>
    </ClInclude>
    <ClInclude Include="cOBB.h">
      <Filter>OBB</Filter>
    </ClInclude>
    <ClInclude Include="cMainGame.h">
      <Filter>UI</Filter>
    </ClInclude>
    <ClInclude Include="cFontManager.h">
      <Filter>UI</Filter>
    </ClInclude>
  </ItemGroup>
  <ItemGroup>
    <ClCompile Include="stdafx.cpp">
      <Filter>Source Files</Filter>
    </ClCompile>
    <ClCompile Include="DX3d.cpp">
      <Filter>Source Files</Filter>
    </ClCompile>
    <ClCompile Include="cDeviceManager.cpp">
      <Filter>Source Files</Filter>
    </ClCompile>
    <ClCompile Include="cCubePC.cpp">
      <Filter>Source Files</Filter>
    </ClCompile>
    <ClCompile Include="cCamera.cpp">
      <Filter>Source Files</Filter>
    </ClCompile>
    <ClCompile Include="cGrid.cpp">
      <Filter>Source Files</Filter>
    </ClCompile>
    <ClCompile Include="cPyramid.cpp">
      <Filter>Source Files</Filter>
    </ClCompile>
    <ClCompile Include="cPlayer.cpp">
      <Filter>Source Files</Filter>
    </ClCompile>
    <ClCompile Include="cCubePNT.cpp">
      <Filter>Source Files</Filter>
    </ClCompile>
    <ClCompile Include="cBody.cpp">
      <Filter>CubeMan</Filter>
    </ClCompile>
    <ClCompile Include="cHead.cpp">
      <Filter>CubeMan</Filter>
    </ClCompile>
    <ClCompile Include="cLeftArm.cpp">
      <Filter>CubeMan</Filter>
    </ClCompile>
    <ClCompile Include="cLeftLeg.cpp">
      <Filter>CubeMan</Filter>
    </ClCompile>
    <ClCompile Include="cRightArm.cpp">
      <Filter>CubeMan</Filter>
    </ClCompile>
    <ClCompile Include="cRightLeg.cpp">
      <Filter>CubeMan</Filter>
    </ClCompile>
    <ClCompile Include="cLight.cpp">
      <Filter>Source Files</Filter>
    </ClCompile>
    <ClCompile Include="cHexagon.cpp">
      <Filter>Source Files</Filter>
    </ClCompile>
    <ClCompile Include="cObjParser.cpp">
      <Filter>Source Files</Filter>
    </ClCompile>
    <ClCompile Include="cCharacter.cpp">
      <Filter>character</Filter>
    </ClCompile>
    <ClCompile Include="cCubeMan.cpp">
      <Filter>character</Filter>
    </ClCompile>
    <ClCompile Include="cCubeNode.cpp">
      <Filter>character</Filter>
    </ClCompile>
    <ClCompile Include="cBox.cpp">
      <Filter>Source Files</Filter>
    </ClCompile>
    <ClCompile Include="cGroup.cpp">
      <Filter>ObjLoader</Filter>
    </ClCompile>
    <ClCompile Include="cMtlTex.cpp">
      <Filter>ObjLoader</Filter>
    </ClCompile>
    <ClCompile Include="cObject.cpp">
      <Filter>ObjLoader</Filter>
    </ClCompile>
    <ClCompile Include="cObjectManager.cpp">
      <Filter>ObjLoader</Filter>
    </ClCompile>
    <ClCompile Include="cObjLoader.cpp">
      <Filter>ObjLoader</Filter>
    </ClCompile>
    <ClCompile Include="cTextureManager.cpp">
      <Filter>ObjLoader</Filter>
    </ClCompile>
    <ClCompile Include="cMap.cpp">
      <Filter>Source Files</Filter>
    </ClCompile>
    <ClCompile Include="iMap.cpp">
      <Filter>Map</Filter>
    </ClCompile>
    <ClCompile Include="cObjMap.cpp">
      <Filter>Map</Filter>
    </ClCompile>
    <ClCompile Include="cAseLoader.cpp">
      <Filter>ASELoader</Filter>
    </ClCompile>
    <ClCompile Include="cFrame.cpp">
      <Filter>ASELoader</Filter>
    </ClCompile>
    <ClCompile Include="cRay.cpp">
      <Filter>Ray</Filter>
    </ClCompile>
    <ClCompile Include="cRawLoader.cpp">
      <Filter>RawLoader</Filter>
    </ClCompile>
    <ClCompile Include="cXLoader.cpp">
      <Filter>XLoader</Filter>
    </ClCompile>
    <ClCompile Include="cAllocateHierarchy.cpp">
      <Filter>SkinedMesh</Filter>
    </ClCompile>
    <ClCompile Include="cTimeManager.cpp">
      <Filter>SkinedMesh</Filter>
    </ClCompile>
    <ClCompile Include="cSkinnedMesh.cpp">
      <Filter>SkinedMesh</Filter>
    </ClCompile>
    <ClCompile Include="cFrustumCulling.cpp">
      <Filter>FrustumCulling</Filter>
    </ClCompile>
    <ClCompile Include="cFrustum.cpp">
      <Filter>FrustumCulling</Filter>
    </ClCompile>
    <ClCompile Include="cSkinnedMeshManager.cpp">
      <Filter>OBB</Filter>
    </ClCompile>
    <ClCompile Include="cZealot.cpp">
      <Filter>OBB</Filter>
    </ClCompile>
    <ClCompile Include="cOBB.cpp">
      <Filter>OBB</Filter>
    </ClCompile>
    <ClCompile Include="cMainGame.cpp">
      <Filter>UI</Filter>
    </ClCompile>
    <ClCompile Include="cFontManager.cpp">
      <Filter>UI</Filter>
    </ClCompile>
  </ItemGroup>
  <ItemGroup>
    <ResourceCompile Include="DX3d.rc">
      <Filter>Resource Files</Filter>
    </ResourceCompile>
  </ItemGroup>
  <ItemGroup>
    <Image Include="small.ico">
      <Filter>Resource Files</Filter>
    </Image>
    <Image Include="DX3d.ico">
      <Filter>Resource Files</Filter>
    </Image>
  </ItemGroup>
  <ItemGroup>
    <None Include="ClassDiagram.cd" />
  </ItemGroup>
</Project>